<?xml version="1.0" encoding="utf-8"?>
<Project ToolsVersion="4.0" xmlns="http://schemas.microsoft.com/developer/msbuild/2003">
  <ItemGroup>
    <Filter Include="Dialogs">
      <UniqueIdentifier>{70fa2370-f58c-4240-8da2-ac0e69d78b4b}</UniqueIdentifier>
    </Filter>
    <Filter Include="Dialogs\Source Files">
      <UniqueIdentifier>{1e870304-78d8-451c-871a-7b994322ec33}</UniqueIdentifier>
      <Extensions>cpp;c;cxx;def;odl;idl;hpj;bat;asm</Extensions>
    </Filter>
    <Filter Include="Dialogs\Header Files">
      <UniqueIdentifier>{f9ce1eb6-6dad-41d1-8ebe-a171552cde37}</UniqueIdentifier>
      <Extensions>h;hpp;hxx;hm;inl;inc</Extensions>
    </Filter>
    <Filter Include="Collections">
      <UniqueIdentifier>{2ce7adeb-c548-4804-8e13-892436312070}</UniqueIdentifier>
    </Filter>
    <Filter Include="Collections\Source Files">
      <UniqueIdentifier>{896655c8-7c88-4315-8617-b6e63033ac9f}</UniqueIdentifier>
      <Extensions>cpp;c;cxx;def;odl;idl;hpj;bat;asm</Extensions>
    </Filter>
    <Filter Include="Collections\Header Files">
      <UniqueIdentifier>{c9694ef2-d02d-4bab-bd8f-d090845463ca}</UniqueIdentifier>
      <Extensions>h;hpp;hxx;hm;inl;inc</Extensions>
    </Filter>
    <Filter Include="Controls">
      <UniqueIdentifier>{3d807f72-1384-4991-826e-aaee27728942}</UniqueIdentifier>
    </Filter>
    <Filter Include="Controls\Source Files">
      <UniqueIdentifier>{ab4fdb79-9741-4fea-9cdc-922c509a7278}</UniqueIdentifier>
      <Extensions>cpp;c;cxx;def;odl;idl;hpj;bat;asm</Extensions>
    </Filter>
    <Filter Include="Controls\Header Files">
      <UniqueIdentifier>{538ca3ff-90f3-43df-aca3-9727dd8f2e5c}</UniqueIdentifier>
      <Extensions>h;hpp;hxx;hm;inl;inc</Extensions>
    </Filter>
    <Filter Include="System">
      <UniqueIdentifier>{52036d26-26ed-4a86-ae5d-cc141947980a}</UniqueIdentifier>
    </Filter>
    <Filter Include="System\Source Files">
      <UniqueIdentifier>{c30f974d-a9d6-4c9d-8d20-2f712ac6915d}</UniqueIdentifier>
      <Extensions>cpp;c;cxx;def;odl;idl;hpj;bat;asm</Extensions>
    </Filter>
    <Filter Include="System\Header Files">
      <UniqueIdentifier>{18bd5e2a-0623-49e8-ba5d-b18bfe660e85}</UniqueIdentifier>
      <Extensions>h;hpp;hxx;hm;inl;inc</Extensions>
    </Filter>
    <Filter Include="Main">
      <UniqueIdentifier>{82b5c508-79fa-477e-be05-0adffe5ebd61}</UniqueIdentifier>
    </Filter>
    <Filter Include="Main\Source Files">
      <UniqueIdentifier>{15589179-1019-4b2f-9b02-8140aa919340}</UniqueIdentifier>
      <Extensions>cpp;c;cxx;def;odl;idl;hpj;bat;asm</Extensions>
    </Filter>
    <Filter Include="Main\Header Files">
      <UniqueIdentifier>{fbff95d8-6531-4a7e-a75a-e44166292429}</UniqueIdentifier>
      <Extensions>h;hpp;hxx;hm;inl;inc</Extensions>
    </Filter>
    <Filter Include="Accessories">
      <UniqueIdentifier>{82e86f71-3064-41fa-9aba-5331431127b7}</UniqueIdentifier>
    </Filter>
    <Filter Include="Accessories\Source Files">
      <UniqueIdentifier>{cbfb616b-263b-48ec-8790-3b623691efa8}</UniqueIdentifier>
      <Extensions>cpp;c;cxx;def;odl;idl;hpj;bat;asm</Extensions>
    </Filter>
    <Filter Include="Accessories\Header Files">
      <UniqueIdentifier>{e882b35b-d509-433f-85b8-db4638c62913}</UniqueIdentifier>
      <Extensions>h;hpp;hxx;hm;inl;inc</Extensions>
    </Filter>
    <Filter Include="Accessories\Resource Files">
      <UniqueIdentifier>{c56bce68-81b7-486e-afa7-f9411547d85d}</UniqueIdentifier>
      <Extensions>rc;ico;cur;bmp;dlg;rc2;rct;bin;rgs;gif;jpg;jpeg;jpe</Extensions>
    </Filter>
    <Filter Include="Encodings">
      <UniqueIdentifier>{9d71e431-5451-405b-83be-ea5cb946f617}</UniqueIdentifier>
    </Filter>
    <Filter Include="Encodings\Source Files">
      <UniqueIdentifier>{45bfa2ad-8d3c-42ba-bb3f-405760976db7}</UniqueIdentifier>
      <Extensions>cpp;c;cxx;def;odl;idl;hpj;bat;asm</Extensions>
    </Filter>
    <Filter Include="Encodings\Header Files">
      <UniqueIdentifier>{f6078a33-740a-452c-a2f4-573343d2096a}</UniqueIdentifier>
      <Extensions>h;hpp;hxx;hm;inl;inc</Extensions>
    </Filter>
    <Filter Include="XML">
      <UniqueIdentifier>{1c3d9e15-4a9e-4505-89f7-587f8eda8e76}</UniqueIdentifier>
    </Filter>
    <Filter Include="XML\Source Files">
      <UniqueIdentifier>{68c911cb-86fe-4682-a973-6e0bb44ff674}</UniqueIdentifier>
      <Extensions>cpp;c;cxx;def;odl;idl;hpj;bat;asm</Extensions>
    </Filter>
    <Filter Include="XML\Header Files">
      <UniqueIdentifier>{a6d0e27f-f38d-4cdf-83e8-c8f713fd1643}</UniqueIdentifier>
      <Extensions>h;hpp;hxx;hm;inl;inc</Extensions>
    </Filter>
    <Filter Include="Streams">
      <UniqueIdentifier>{fe722145-7aae-4c0d-acbe-69ba0db79581}</UniqueIdentifier>
    </Filter>
    <Filter Include="Streams\Source Files">
      <UniqueIdentifier>{835ea2ab-91cc-45ab-8cae-999f4517eca3}</UniqueIdentifier>
      <Extensions>cpp;c;cxx;def;odl;idl;hpj;bat;asm</Extensions>
    </Filter>
    <Filter Include="Streams\Header Files">
      <UniqueIdentifier>{f6d17f8a-bc5c-4e07-b80e-51733a6c316d}</UniqueIdentifier>
      <Extensions>h;hpp;hxx;hm;inl;inc</Extensions>
    </Filter>
  </ItemGroup>
  <ItemGroup>
    <ClCompile Include="AboutDlg.cpp">
      <Filter>Dialogs\Source Files</Filter>
    </ClCompile>
    <ClCompile Include="DescribeErrorDlg.cpp">
      <Filter>Dialogs\Source Files</Filter>
    </ClCompile>
    <ClCompile Include="MachineInfoDlg.cpp">
      <Filter>Dialogs\Source Files</Filter>
    </ClCompile>
    <ClCompile Include="MachineStateDlg.cpp">
      <Filter>Dialogs\Source Files</Filter>
    </ClCompile>
    <ClCompile Include="MainDlg.cpp">
      <Filter>Dialogs\Source Files</Filter>
    </ClCompile>
    <ClCompile Include="PreviewDlg.cpp">
      <Filter>Dialogs\Source Files</Filter>
    </ClCompile>
    <ClCompile Include="SendMailDlg.cpp">
      <Filter>Dialogs\Source Files</Filter>
    </ClCompile>
    <ClCompile Include="SimpleDlg.cpp">
      <Filter>Dialogs\Source Files</Filter>
    </ClCompile>
    <ClCompile Include="TransferProgressDlg.cpp">
      <Filter>Dialogs\Source Files</Filter>
    </ClCompile>
    <ClCompile Include="WaitDlg.cpp">
      <Filter>Dialogs\Source Files</Filter>
    </ClCompile>
    <ClCompile Include="ColHelper.cpp">
      <Filter>Collections\Source Files</Filter>
    </ClCompile>
    <ClCompile Include="StrHolder.cpp">
      <Filter>Collections\Source Files</Filter>
    </ClCompile>
    <ClCompile Include="AnimProgressBar.cpp">
      <Filter>Controls\Source Files</Filter>
    </ClCompile>
    <ClCompile Include="HexView.cpp">
      <Filter>Controls\Source Files</Filter>
    </ClCompile>
    <ClCompile Include="HyperLink.cpp">
      <Filter>Controls\Source Files</Filter>
    </ClCompile>
    <ClCompile Include="ImageView.cpp">
      <Filter>Controls\Source Files</Filter>
    </ClCompile>
    <ClCompile Include="LayoutManager.cpp">
      <Filter>Controls\Source Files</Filter>
    </ClCompile>
    <ClCompile Include="Splitter.cpp">
      <Filter>Controls\Source Files</Filter>
    </ClCompile>
    <ClCompile Include="TextView.cpp">
      <Filter>Controls\Source Files</Filter>
    </ClCompile>
    <ClCompile Include="WaitCursor.cpp">
      <Filter>Controls\Source Files</Filter>
    </ClCompile>
    <ClCompile Include="CMapi.cpp">
      <Filter>System\Source Files</Filter>
    </ClCompile>
    <ClCompile Include="EnumProcess.cpp">
      <Filter>System\Source Files</Filter>
    </ClCompile>
    <ClCompile Include="InMemLogFile.cpp">
      <Filter>System\Source Files</Filter>
    </ClCompile>
    <ClCompile Include="LogFile.cpp">
      <Filter>System\Source Files</Filter>
    </ClCompile>
    <ClCompile Include="LogStream.cpp">
      <Filter>System\Source Files</Filter>
    </ClCompile>
    <ClCompile Include="ModuleImportTable.cpp">
      <Filter>System\Source Files</Filter>
    </ClCompile>
    <ClCompile Include="NetThunks.cpp">
      <Filter>System\Source Files</Filter>
    </ClCompile>
    <ClCompile Include="SymEngine.cpp">
      <Filter>System\Source Files</Filter>
    </ClCompile>
    <ClCompile Include="SymEngineNet.cpp">
      <Filter>System\Source Files</Filter>
    </ClCompile>
    <ClCompile Include="TextLogFile.cpp">
      <Filter>System\Source Files</Filter>
    </ClCompile>
    <ClCompile Include="ThemeXP.cpp">
      <Filter>System\Source Files</Filter>
    </ClCompile>
    <ClCompile Include="XmlLogFile.cpp">
      <Filter>System\Source Files</Filter>
    </ClCompile>
    <ClCompile Include="BugTrap.cpp">
      <Filter>Main\Source Files</Filter>
    </ClCompile>
    <ClCompile Include="BugTrapNet.cpp">
      <Filter>Main\Source Files</Filter>
    </ClCompile>
    <ClCompile Include="BugTrapUI.cpp">
      <Filter>Main\Source Files</Filter>
    </ClCompile>
    <ClCompile Include="BugTrapUtils.cpp">
      <Filter>Main\Source Files</Filter>
    </ClCompile>
    <ClCompile Include="ResManager.cpp">
      <Filter>Main\Source Files</Filter>
    </ClCompile>
    <ClCompile Include="AssemblyInfo.cpp">
      <Filter>Accessories\Source Files</Filter>
    </ClCompile>
    <ClCompile Include="Globals.cpp">
      <Filter>Accessories\Source Files</Filter>
    </ClCompile>
    <ClCompile Include="stdafx.cpp">
      <Filter>Accessories\Source Files</Filter>
    </ClCompile>
    <ClCompile Include="Encoding.cpp">
      <Filter>Encodings\Source Files</Filter>
    </ClCompile>
    <ClCompile Include="TextFormat.cpp">
      <Filter>Encodings\Source Files</Filter>
    </ClCompile>
    <ClCompile Include="XmlReader.cpp">
      <Filter>XML\Source Files</Filter>
    </ClCompile>
    <ClCompile Include="XmlWriter.cpp">
      <Filter>XML\Source Files</Filter>
    </ClCompile>
    <ClCompile Include="FileStream.cpp">
      <Filter>Streams\Source Files</Filter>
    </ClCompile>
    <ClCompile Include="InputStream.cpp">
      <Filter>Streams\Source Files</Filter>
    </ClCompile>
    <ClCompile Include="MemStream.cpp">
      <Filter>Streams\Source Files</Filter>
    </ClCompile>
    <ClCompile Include="OutputStream.cpp">
      <Filter>Streams\Source Files</Filter>
    </ClCompile>
    <ClCompile Include="StrStream.cpp">
      <Filter>Streams\Source Files</Filter>
    </ClCompile>
  </ItemGroup>
  <ItemGroup>
    <ClInclude Include="AboutDlg.h">
      <Filter>Dialogs\Header Files</Filter>
    </ClInclude>
    <ClInclude Include="DescribeErrorDlg.h">
      <Filter>Dialogs\Header Files</Filter>
    </ClInclude>
    <ClInclude Include="MachineInfoDlg.h">
      <Filter>Dialogs\Header Files</Filter>
    </ClInclude>
    <ClInclude Include="MachineStateDlg.h">
      <Filter>Dialogs\Header Files</Filter>
    </ClInclude>
    <ClInclude Include="MainDlg.h">
      <Filter>Dialogs\Header Files</Filter>
    </ClInclude>
    <ClInclude Include="PreviewDlg.h">
      <Filter>Dialogs\Header Files</Filter>
    </ClInclude>
    <ClInclude Include="SendMailDlg.h">
      <Filter>Dialogs\Header Files</Filter>
    </ClInclude>
    <ClInclude Include="SimpleDlg.h">
      <Filter>Dialogs\Header Files</Filter>
    </ClInclude>
    <ClInclude Include="TransferProgressDlg.h">
      <Filter>Dialogs\Header Files</Filter>
    </ClInclude>
    <ClInclude Include="WaitDlg.h">
      <Filter>Dialogs\Header Files</Filter>
    </ClInclude>
    <ClInclude Include="Array.h">
      <Filter>Collections\Header Files</Filter>
    </ClInclude>
    <ClInclude Include="Buffer.h">
      <Filter>Collections\Header Files</Filter>
    </ClInclude>
    <ClInclude Include="ColHelper.h">
      <Filter>Collections\Header Files</Filter>
    </ClInclude>
    <ClInclude Include="Hash.h">
      <Filter>Collections\Header Files</Filter>
    </ClInclude>
    <ClInclude Include="InterfacePtr.h">
      <Filter>Collections\Header Files</Filter>
    </ClInclude>
    <ClInclude Include="List.h">
      <Filter>Collections\Header Files</Filter>
    </ClInclude>
    <ClInclude Include="SmartPtr.h">
      <Filter>Collections\Header Files</Filter>
    </ClInclude>
    <ClInclude Include="StrHolder.h">
      <Filter>Collections\Header Files</Filter>
    </ClInclude>
    <ClInclude Include="AnimProgressBar.h">
      <Filter>Controls\Header Files</Filter>
    </ClInclude>
    <ClInclude Include="HexView.h">
      <Filter>Controls\Header Files</Filter>
    </ClInclude>
    <ClInclude Include="HyperLink.h">
      <Filter>Controls\Header Files</Filter>
    </ClInclude>
    <ClInclude Include="ImageView.h">
      <Filter>Controls\Header Files</Filter>
    </ClInclude>
    <ClInclude Include="LayoutManager.h">
      <Filter>Controls\Header Files</Filter>
    </ClInclude>
    <ClInclude Include="Splitter.h">
      <Filter>Controls\Header Files</Filter>
    </ClInclude>
    <ClInclude Include="TextView.h">
      <Filter>Controls\Header Files</Filter>
    </ClInclude>
    <ClInclude Include="WaitCursor.h">
      <Filter>Controls\Header Files</Filter>
    </ClInclude>
    <ClInclude Include="CMapi.h">
      <Filter>System\Header Files</Filter>
    </ClInclude>
    <ClInclude Include="EnumProcess.h">
      <Filter>System\Header Files</Filter>
    </ClInclude>
    <ClInclude Include="InMemLogFile.h">
      <Filter>System\Header Files</Filter>
    </ClInclude>
    <ClInclude Include="LogFile.h">
      <Filter>System\Header Files</Filter>
    </ClInclude>
    <ClInclude Include="LogLink.h">
      <Filter>System\Header Files</Filter>
    </ClInclude>
    <ClInclude Include="LogStream.h">
      <Filter>System\Header Files</Filter>
    </ClInclude>
    <ClInclude Include="ModuleImportTable.h">
      <Filter>System\Header Files</Filter>
    </ClInclude>
    <ClInclude Include="NetThunks.h">
      <Filter>System\Header Files</Filter>
    </ClInclude>
    <ClInclude Include="SymEngine.h">
      <Filter>System\Header Files</Filter>
    </ClInclude>
    <ClInclude Include="SymEngineNet.h">
      <Filter>System\Header Files</Filter>
    </ClInclude>
    <ClInclude Include="TextLogFile.h">
      <Filter>System\Header Files</Filter>
    </ClInclude>
    <ClInclude Include="ThemeXP.h">
      <Filter>System\Header Files</Filter>
    </ClInclude>
    <ClInclude Include="XmlLogFile.h">
      <Filter>System\Header Files</Filter>
    </ClInclude>
    <ClInclude Include="BTAtlWindow.h">
      <Filter>Main\Header Files</Filter>
    </ClInclude>
    <ClInclude Include="BTMfcWindow.h">
      <Filter>Main\Header Files</Filter>
    </ClInclude>
    <ClInclude Include="BTTrace.h">
      <Filter>Main\Header Files</Filter>
    </ClInclude>
    <ClInclude Include="BugTrap.h">
      <Filter>Main\Header Files</Filter>
    </ClInclude>
    <ClInclude Include="BugTrapNet.h">
      <Filter>Main\Header Files</Filter>
    </ClInclude>
    <ClInclude Include="BugTrapUI.h">
      <Filter>Main\Header Files</Filter>
    </ClInclude>
    <ClInclude Include="BugTrapUtils.h">
      <Filter>Main\Header Files</Filter>
    </ClInclude>
    <ClInclude Include="ResManager.h">
      <Filter>Main\Header Files</Filter>
    </ClInclude>
    <ClInclude Include="Globals.h">
      <Filter>Accessories\Header Files</Filter>
    </ClInclude>
    <ClInclude Include="LeakWatcher.h">
      <Filter>Accessories\Header Files</Filter>
    </ClInclude>
    <ClInclude Include="resource.h">
      <Filter>Accessories\Header Files</Filter>
    </ClInclude>
    <ClInclude Include="stdafx.h">
      <Filter>Accessories\Header Files</Filter>
    </ClInclude>
    <ClInclude Include="VersionInfo.h">
      <Filter>Accessories\Header Files</Filter>
    </ClInclude>
    <ClInclude Include="Encoding.h">
      <Filter>Encodings\Header Files</Filter>
    </ClInclude>
    <ClInclude Include="TextFormat.h">
      <Filter>Encodings\Header Files</Filter>
    </ClInclude>
    <ClInclude Include="XmlReader.h">
      <Filter>XML\Header Files</Filter>
    </ClInclude>
    <ClInclude Include="XmlWriter.h">
      <Filter>XML\Header Files</Filter>
    </ClInclude>
    <ClInclude Include="BaseStream.h">
      <Filter>Streams\Header Files</Filter>
    </ClInclude>
    <ClInclude Include="FileStream.h">
      <Filter>Streams\Header Files</Filter>
    </ClInclude>
    <ClInclude Include="InputStream.h">
      <Filter>Streams\Header Files</Filter>
    </ClInclude>
    <ClInclude Include="MemStream.h">
      <Filter>Streams\Header Files</Filter>
    </ClInclude>
    <ClInclude Include="OutputStream.h">
      <Filter>Streams\Header Files</Filter>
    </ClInclude>
    <ClInclude Include="Stream.h">
      <Filter>Streams\Header Files</Filter>
    </ClInclude>
    <ClInclude Include="StrStream.h">
      <Filter>Streams\Header Files</Filter>
    </ClInclude>
  </ItemGroup>
  <ItemGroup>
    <Image Include="res\Bug.ico">
      <Filter>Accessories\Resource Files</Filter>
    </Image>
    <Image Include="res\CheckMark.bmp">
      <Filter>Accessories\Resource Files</Filter>
    </Image>
    <Image Include="res\ImageToolbar.bmp">
      <Filter>Accessories\Resource Files</Filter>
    </Image>
    <Image Include="res\SortArrows.bmp">
      <Filter>Accessories\Resource Files</Filter>
    </Image>
  </ItemGroup>
  <ItemGroup>
    <None Include="BugTrap.def">
      <Filter>Accessories\Resource Files</Filter>
    </None>
    <None Include="res\KeyPair.snk">
      <Filter>Accessories\Resource Files</Filter>
    </None>
    <None Include="res\Upload.avi">
      <Filter>Accessories\Resource Files</Filter>
    </None>
  </ItemGroup>
  <ItemGroup>
    <ResourceCompile Include="BugTrap.rc">
      <Filter>Accessories\Resource Files</Filter>
    </ResourceCompile>
  </ItemGroup>
</Project>